// !$*UTF8*$!
{
	archiveVersion = 1;
	classes = {
	};
	objectVersion = 46;
	objects = {

/* Begin PBXBuildFile section */
		86D5790B15BA64B20025F83D /* MCPagerView.png in Resources */ = {isa = PBXBuildFile; fileRef = 86D5790A15BA64B20025F83D /* MCPagerView.png */; };
		86E5E62A15B9A622001A7579 /* UIKit.framework in Frameworks */ = {isa = PBXBuildFile; fileRef = 86E5E62915B9A622001A7579 /* UIKit.framework */; };
		86E5E62C15B9A622001A7579 /* Foundation.framework in Frameworks */ = {isa = PBXBuildFile; fileRef = 86E5E62B15B9A622001A7579 /* Foundation.framework */; };
		86E5E62E15B9A622001A7579 /* CoreGraphics.framework in Frameworks */ = {isa = PBXBuildFile; fileRef = 86E5E62D15B9A622001A7579 /* CoreGraphics.framework */; };
		86E5E63415B9A622001A7579 /* InfoPlist.strings in Resources */ = {isa = PBXBuildFile; fileRef = 86E5E63215B9A622001A7579 /* InfoPlist.strings */; };
		86E5E63615B9A622001A7579 /* main.m in Sources */ = {isa = PBXBuildFile; fileRef = 86E5E63515B9A622001A7579 /* main.m */; };
		86E5E63A15B9A622001A7579 /* AppDelegate.m in Sources */ = {isa = PBXBuildFile; fileRef = 86E5E63915B9A622001A7579 /* AppDelegate.m */; };
		86E5E63D15B9A622001A7579 /* ViewController.m in Sources */ = {isa = PBXBuildFile; fileRef = 86E5E63C15B9A622001A7579 /* ViewController.m */; };
		86E5E64015B9A622001A7579 /* ViewController.xib in Resources */ = {isa = PBXBuildFile; fileRef = 86E5E63E15B9A622001A7579 /* ViewController.xib */; };
		86E5E64C15B9A67A001A7579 /* MCPagerView.m in Sources */ = {isa = PBXBuildFile; fileRef = 86E5E64B15B9A67A001A7579 /* MCPagerView.m */; };
		86E5E65A15B9BC71001A7579 /* a-h.png in Resources */ = {isa = PBXBuildFile; fileRef = 86E5E64E15B9BC71001A7579 /* a-h.png */; };
		86E5E65B15B9BC71001A7579 /* a-h@2x.png in Resources */ = {isa = PBXBuildFile; fileRef = 86E5E64F15B9BC71001A7579 /* a-h@2x.png */; };
		86E5E65C15B9BC71001A7579 /* a.png in Resources */ = {isa = PBXBuildFile; fileRef = 86E5E65015B9BC71001A7579 /* a.png */; };
		86E5E65D15B9BC71001A7579 /* a@2x.png in Resources */ = {isa = PBXBuildFile; fileRef = 86E5E65115B9BC71001A7579 /* a@2x.png */; };
		86E5E65E15B9BC71001A7579 /* b-h.png in Resources */ = {isa = PBXBuildFile; fileRef = 86E5E65215B9BC71001A7579 /* b-h.png */; };
		86E5E65F15B9BC71001A7579 /* b-h@2x.png in Resources */ = {isa = PBXBuildFile; fileRef = 86E5E65315B9BC71001A7579 /* b-h@2x.png */; };
		86E5E66015B9BC71001A7579 /* b.png in Resources */ = {isa = PBXBuildFile; fileRef = 86E5E65415B9BC71001A7579 /* b.png */; };
		86E5E66115B9BC71001A7579 /* b@2x.png in Resources */ = {isa = PBXBuildFile; fileRef = 86E5E65515B9BC71001A7579 /* b@2x.png */; };
		86E5E66215B9BC71001A7579 /* c-h.png in Resources */ = {isa = PBXBuildFile; fileRef = 86E5E65615B9BC71001A7579 /* c-h.png */; };
		86E5E66315B9BC71001A7579 /* c-h@2x.png in Resources */ = {isa = PBXBuildFile; fileRef = 86E5E65715B9BC71001A7579 /* c-h@2x.png */; };
		86E5E66415B9BC71001A7579 /* c.png in Resources */ = {isa = PBXBuildFile; fileRef = 86E5E65815B9BC71001A7579 /* c.png */; };
		86E5E66515B9BC71001A7579 /* c@2x.png in Resources */ = {isa = PBXBuildFile; fileRef = 86E5E65915B9BC71001A7579 /* c@2x.png */; };
		86E5E66715B9CE40001A7579 /* README.md in Resources */ = {isa = PBXBuildFile; fileRef = 86E5E66615B9CE40001A7579 /* README.md */; };
		86E5E66915B9CE4C001A7579 /* LICENSE.md in Resources */ = {isa = PBXBuildFile; fileRef = 86E5E66815B9CE4C001A7579 /* LICENSE.md */; };
/* End PBXBuildFile section */

/* Begin PBXFileReference section */
		86D5790A15BA64B20025F83D /* MCPagerView.png */ = {isa = PBXFileReference; lastKnownFileType = image.png; path = MCPagerView.png; sourceTree = "<group>"; };
		86E5E62515B9A622001A7579 /* MCPagerView.app */ = {isa = PBXFileReference; explicitFileType = wrapper.application; includeInIndex = 0; path = MCPagerView.app; sourceTree = BUILT_PRODUCTS_DIR; };
		86E5E62915B9A622001A7579 /* UIKit.framework */ = {isa = PBXFileReference; lastKnownFileType = wrapper.framework; name = UIKit.framework; path = System/Library/Frameworks/UIKit.framework; sourceTree = SDKROOT; };
		86E5E62B15B9A622001A7579 /* Foundation.framework */ = {isa = PBXFileReference; lastKnownFileType = wrapper.framework; name = Foundation.framework; path = System/Library/Frameworks/Foundation.framework; sourceTree = SDKROOT; };
		86E5E62D15B9A622001A7579 /* CoreGraphics.framework */ = {isa = PBXFileReference; lastKnownFileType = wrapper.framework; name = CoreGraphics.framework; path = System/Library/Frameworks/CoreGraphics.framework; sourceTree = SDKROOT; };
		86E5E63115B9A622001A7579 /* MCPagerView-Info.plist */ = {isa = PBXFileReference; lastKnownFileType = text.plist.xml; path = "MCPagerView-Info.plist"; sourceTree = "<group>"; };
		86E5E63315B9A622001A7579 /* en */ = {isa = PBXFileReference; lastKnownFileType = text.plist.strings; name = en; path = en.lproj/InfoPlist.strings; sourceTree = "<group>"; };
		86E5E63515B9A622001A7579 /* main.m */ = {isa = PBXFileReference; lastKnownFileType = sourcecode.c.objc; path = main.m; sourceTree = "<group>"; };
		86E5E63715B9A622001A7579 /* MCPagerView-Prefix.pch */ = {isa = PBXFileReference; lastKnownFileType = sourcecode.c.h; path = "MCPagerView-Prefix.pch"; sourceTree = "<group>"; };
		86E5E63815B9A622001A7579 /* AppDelegate.h */ = {isa = PBXFileReference; lastKnownFileType = sourcecode.c.h; path = AppDelegate.h; sourceTree = "<group>"; };
		86E5E63915B9A622001A7579 /* AppDelegate.m */ = {isa = PBXFileReference; lastKnownFileType = sourcecode.c.objc; path = AppDelegate.m; sourceTree = "<group>"; };
		86E5E63B15B9A622001A7579 /* ViewController.h */ = {isa = PBXFileReference; lastKnownFileType = sourcecode.c.h; path = ViewController.h; sourceTree = "<group>"; };
		86E5E63C15B9A622001A7579 /* ViewController.m */ = {isa = PBXFileReference; lastKnownFileType = sourcecode.c.objc; path = ViewController.m; sourceTree = "<group>"; };
		86E5E63F15B9A622001A7579 /* en */ = {isa = PBXFileReference; lastKnownFileType = file.xib; name = en; path = en.lproj/ViewController.xib; sourceTree = "<group>"; };
		86E5E64A15B9A67A001A7579 /* MCPagerView.h */ = {isa = PBXFileReference; fileEncoding = 4; lastKnownFileType = sourcecode.c.h; name = MCPagerView.h; path = Classes/MCPagerView.h; sourceTree = "<group>"; };
		86E5E64B15B9A67A001A7579 /* MCPagerView.m */ = {isa = PBXFileReference; fileEncoding = 4; lastKnownFileType = sourcecode.c.objc; name = MCPagerView.m; path = Classes/MCPagerView.m; sourceTree = "<group>"; };
		86E5E64E15B9BC71001A7579 /* a-h.png */ = {isa = PBXFileReference; lastKnownFileType = image.png; name = "a-h.png"; path = "Assets/a-h.png"; sourceTree = "<group>"; };
		86E5E64F15B9BC71001A7579 /* a-h@2x.png */ = {isa = PBXFileReference; lastKnownFileType = image.png; name = "a-h@2x.png"; path = "Assets/a-h@2x.png"; sourceTree = "<group>"; };
		86E5E65015B9BC71001A7579 /* a.png */ = {isa = PBXFileReference; lastKnownFileType = image.png; name = a.png; path = Assets/a.png; sourceTree = "<group>"; };
		86E5E65115B9BC71001A7579 /* a@2x.png */ = {isa = PBXFileReference; lastKnownFileType = image.png; name = "a@2x.png"; path = "Assets/a@2x.png"; sourceTree = "<group>"; };
		86E5E65215B9BC71001A7579 /* b-h.png */ = {isa = PBXFileReference; lastKnownFileType = image.png; name = "b-h.png"; path = "Assets/b-h.png"; sourceTree = "<group>"; };
		86E5E65315B9BC71001A7579 /* b-h@2x.png */ = {isa = PBXFileReference; lastKnownFileType = image.png; name = "b-h@2x.png"; path = "Assets/b-h@2x.png"; sourceTree = "<group>"; };
		86E5E65415B9BC71001A7579 /* b.png */ = {isa = PBXFileReference; lastKnownFileType = image.png; name = b.png; path = Assets/b.png; sourceTree = "<group>"; };
		86E5E65515B9BC71001A7579 /* b@2x.png */ = {isa = PBXFileReference; lastKnownFileType = image.png; name = "b@2x.png"; path = "Assets/b@2x.png"; sourceTree = "<group>"; };
		86E5E65615B9BC71001A7579 /* c-h.png */ = {isa = PBXFileReference; lastKnownFileType = image.png; name = "c-h.png"; path = "Assets/c-h.png"; sourceTree = "<group>"; };
		86E5E65715B9BC71001A7579 /* c-h@2x.png */ = {isa = PBXFileReference; lastKnownFileType = image.png; name = "c-h@2x.png"; path = "Assets/c-h@2x.png"; sourceTree = "<group>"; };
		86E5E65815B9BC71001A7579 /* c.png */ = {isa = PBXFileReference; lastKnownFileType = image.png; name = c.png; path = Assets/c.png; sourceTree = "<group>"; };
		86E5E65915B9BC71001A7579 /* c@2x.png */ = {isa = PBXFileReference; lastKnownFileType = image.png; name = "c@2x.png"; path = "Assets/c@2x.png"; sourceTree = "<group>"; };
		86E5E66615B9CE40001A7579 /* README.md */ = {isa = PBXFileReference; fileEncoding = 4; lastKnownFileType = text; path = README.md; sourceTree = "<group>"; };
		86E5E66815B9CE4C001A7579 /* LICENSE.md */ = {isa = PBXFileReference; fileEncoding = 4; lastKnownFileType = text; path = LICENSE.md; sourceTree = "<group>"; };
/* End PBXFileReference section */

/* Begin PBXFrameworksBuildPhase section */
		86E5E62215B9A622001A7579 /* Frameworks */ = {
			isa = PBXFrameworksBuildPhase;
			buildActionMask = 2147483647;
			files = (
				86E5E62A15B9A622001A7579 /* UIKit.framework in Frameworks */,
				86E5E62C15B9A622001A7579 /* Foundation.framework in Frameworks */,
				86E5E62E15B9A622001A7579 /* CoreGraphics.framework in Frameworks */,
			);
			runOnlyForDeploymentPostprocessing = 0;
		};
/* End PBXFrameworksBuildPhase section */

/* Begin PBXGroup section */
		86E5E61A15B9A621001A7579 = {
			isa = PBXGroup;
			children = (
				86D5790A15BA64B20025F83D /* MCPagerView.png */,
				86E5E66815B9CE4C001A7579 /* LICENSE.md */,
				86E5E66615B9CE40001A7579 /* README.md */,
				86E5E64D15B9B8FB001A7579 /* Assets */,
				86E5E64615B9A62C001A7579 /* Classes */,
				86E5E62F15B9A622001A7579 /* MCPagerView */,
				86E5E62815B9A622001A7579 /* Frameworks */,
				86E5E62615B9A622001A7579 /* Products */,
			);
			sourceTree = "<group>";
		};
		86E5E62615B9A622001A7579 /* Products */ = {
			isa = PBXGroup;
			children = (
				86E5E62515B9A622001A7579 /* MCPagerView.app */,
			);
			name = Products;
			sourceTree = "<group>";
		};
		86E5E62815B9A622001A7579 /* Frameworks */ = {
			isa = PBXGroup;
			children = (
				86E5E62915B9A622001A7579 /* UIKit.framework */,
				86E5E62B15B9A622001A7579 /* Foundation.framework */,
				86E5E62D15B9A622001A7579 /* CoreGraphics.framework */,
			);
			name = Frameworks;
			sourceTree = "<group>";
		};
		86E5E62F15B9A622001A7579 /* MCPagerView */ = {
			isa = PBXGroup;
			children = (
				86E5E63815B9A622001A7579 /* AppDelegate.h */,
				86E5E63915B9A622001A7579 /* AppDelegate.m */,
				86E5E63B15B9A622001A7579 /* ViewController.h */,
				86E5E63C15B9A622001A7579 /* ViewController.m */,
				86E5E63E15B9A622001A7579 /* ViewController.xib */,
				86E5E63015B9A622001A7579 /* Supporting Files */,
			);
			path = MCPagerView;
			sourceTree = "<group>";
		};
		86E5E63015B9A622001A7579 /* Supporting Files */ = {
			isa = PBXGroup;
			children = (
				86E5E63115B9A622001A7579 /* MCPagerView-Info.plist */,
				86E5E63215B9A622001A7579 /* InfoPlist.strings */,
				86E5E63515B9A622001A7579 /* main.m */,
				86E5E63715B9A622001A7579 /* MCPagerView-Prefix.pch */,
			);
			name = "Supporting Files";
			sourceTree = "<group>";
		};
		86E5E64615B9A62C001A7579 /* Classes */ = {
			isa = PBXGroup;
			children = (
				86E5E64A15B9A67A001A7579 /* MCPagerView.h */,
				86E5E64B15B9A67A001A7579 /* MCPagerView.m */,
			);
			name = Classes;
			sourceTree = "<group>";
		};
		86E5E64D15B9B8FB001A7579 /* Assets */ = {
			isa = PBXGroup;
			children = (
				86E5E64E15B9BC71001A7579 /* a-h.png */,
				86E5E64F15B9BC71001A7579 /* a-h@2x.png */,
				86E5E65015B9BC71001A7579 /* a.png */,
				86E5E65115B9BC71001A7579 /* a@2x.png */,
				86E5E65215B9BC71001A7579 /* b-h.png */,
				86E5E65315B9BC71001A7579 /* b-h@2x.png */,
				86E5E65415B9BC71001A7579 /* b.png */,
				86E5E65515B9BC71001A7579 /* b@2x.png */,
				86E5E65615B9BC71001A7579 /* c-h.png */,
				86E5E65715B9BC71001A7579 /* c-h@2x.png */,
				86E5E65815B9BC71001A7579 /* c.png */,
				86E5E65915B9BC71001A7579 /* c@2x.png */,
			);
			name = Assets;
			sourceTree = "<group>";
		};
/* End PBXGroup section */

/* Begin PBXNativeTarget section */
		86E5E62415B9A622001A7579 /* MCPagerView */ = {
			isa = PBXNativeTarget;
			buildConfigurationList = 86E5E64315B9A622001A7579 /* Build configuration list for PBXNativeTarget "MCPagerView" */;
			buildPhases = (
				86E5E62115B9A622001A7579 /* Sources */,
				86E5E62215B9A622001A7579 /* Frameworks */,
				86E5E62315B9A622001A7579 /* Resources */,
			);
			buildRules = (
			);
			dependencies = (
			);
			name = MCPagerView;
			productName = MCPagerView;
			productReference = 86E5E62515B9A622001A7579 /* MCPagerView.app */;
			productType = "com.apple.product-type.application";
		};
/* End PBXNativeTarget section */

/* Begin PBXProject section */
		86E5E61C15B9A621001A7579 /* Project object */ = {
			isa = PBXProject;
			attributes = {
				LastUpgradeCheck = 0430;
			};
			buildConfigurationList = 86E5E61F15B9A621001A7579 /* Build configuration list for PBXProject "MCPagerView" */;
			compatibilityVersion = "Xcode 3.2";
			developmentRegion = English;
			hasScannedForEncodings = 0;
			knownRegions = (
				en,
			);
			mainGroup = 86E5E61A15B9A621001A7579;
			productRefGroup = 86E5E62615B9A622001A7579 /* Products */;
			projectDirPath = "";
			projectRoot = "";
			targets = (
				86E5E62415B9A622001A7579 /* MCPagerView */,
			);
		};
/* End PBXProject section */

/* Begin PBXResourcesBuildPhase section */
		86E5E62315B9A622001A7579 /* Resources */ = {
			isa = PBXResourcesBuildPhase;
			buildActionMask = 2147483647;
			files = (
				86E5E63415B9A622001A7579 /* InfoPlist.strings in Resources */,
				86E5E64015B9A622001A7579 /* ViewController.xib in Resources */,
				86E5E65A15B9BC71001A7579 /* a-h.png in Resources */,
				86E5E65B15B9BC71001A7579 /* a-h@2x.png in Resources */,
				86E5E65C15B9BC71001A7579 /* a.png in Resources */,
				86E5E65D15B9BC71001A7579 /* a@2x.png in Resources */,
				86E5E65E15B9BC71001A7579 /* b-h.png in Resources */,
				86E5E65F15B9BC71001A7579 /* b-h@2x.png in Resources */,
				86E5E66015B9BC71001A7579 /* b.png in Resources */,
				86E5E66115B9BC71001A7579 /* b@2x.png in Resources */,
				86E5E66215B9BC71001A7579 /* c-h.png in Resources */,
				86E5E66315B9BC71001A7579 /* c-h@2x.png in Resources */,
				86E5E66415B9BC71001A7579 /* c.png in Resources */,
				86E5E66515B9BC71001A7579 /* c@2x.png in Resources */,
				86E5E66715B9CE40001A7579 /* README.md in Resources */,
				86E5E66915B9CE4C001A7579 /* LICENSE.md in Resources */,
				86D5790B15BA64B20025F83D /* MCPagerView.png in Resources */,
			);
			runOnlyForDeploymentPostprocessing = 0;
		};
/* End PBXResourcesBuildPhase section */

/* Begin PBXSourcesBuildPhase section */
		86E5E62115B9A622001A7579 /* Sources */ = {
			isa = PBXSourcesBuildPhase;
			buildActionMask = 2147483647;
			files = (
				86E5E63615B9A622001A7579 /* main.m in Sources */,
				86E5E63A15B9A622001A7579 /* AppDelegate.m in Sources */,
				86E5E63D15B9A622001A7579 /* ViewController.m in Sources */,
				86E5E64C15B9A67A001A7579 /* MCPagerView.m in Sources */,
			);
			runOnlyForDeploymentPostprocessing = 0;
		};
/* End PBXSourcesBuildPhase section */

/* Begin PBXVariantGroup section */
		86E5E63215B9A622001A7579 /* InfoPlist.strings */ = {
			isa = PBXVariantGroup;
			children = (
				86E5E63315B9A622001A7579 /* en */,
			);
			name = InfoPlist.strings;
			sourceTree = "<group>";
		};
		86E5E63E15B9A622001A7579 /* ViewController.xib */ = {
			isa = PBXVariantGroup;
			children = (
				86E5E63F15B9A622001A7579 /* en */,
			);
			name = ViewController.xib;
			sourceTree = "<group>";
		};
/* End PBXVariantGroup section */

/* Begin XCBuildConfiguration section */
		86E5E64115B9A622001A7579 /* Debug */ = {
			isa = XCBuildConfiguration;
			buildSettings = {
				ALWAYS_SEARCH_USER_PATHS = NO;
				ARCHS = "$(ARCHS_STANDARD_32_BIT)";
				CLANG_ENABLE_OBJC_ARC = YES;
				"CODE_SIGN_IDENTITY[sdk=iphoneos*]" = "iPhone Developer";
				COPY_PHASE_STRIP = NO;
				GCC_C_LANGUAGE_STANDARD = gnu99;
				GCC_DYNAMIC_NO_PIC = NO;
				GCC_OPTIMIZATION_LEVEL = 0;
				GCC_PREPROCESSOR_DEFINITIONS = (
					"DEBUG=1",
					"$(inherited)",
				);
				GCC_SYMBOLS_PRIVATE_EXTERN = NO;
				GCC_VERSION = com.apple.compilers.llvm.clang.1_0;
				GCC_WARN_ABOUT_RETURN_TYPE = YES;
				GCC_WARN_UNINITIALIZED_AUTOS = YES;
				GCC_WARN_UNUSED_VARIABLE = YES;
				IPHONEOS_DEPLOYMENT_TARGET = 5.1;
				SDKROOT = iphoneos;
			};
			name = Debug;
		};
		86E5E64215B9A622001A7579 /* Release */ = {
			isa = XCBuildConfiguration;
			buildSettings = {
				ALWAYS_SEARCH_USER_PATHS = NO;
				ARCHS = "$(ARCHS_STANDARD_32_BIT)";
				CLANG_ENABLE_OBJC_ARC = YES;
				"CODE_SIGN_IDENTITY[sdk=iphoneos*]" = "iPhone Developer";
				COPY_PHASE_STRIP = YES;
				GCC_C_LANGUAGE_STANDARD = gnu99;
				GCC_VERSION = com.apple.compilers.llvm.clang.1_0;
				GCC_WARN_ABOUT_RETURN_TYPE = YES;
				GCC_WARN_UNINITIALIZED_AUTOS = YES;
				GCC_WARN_UNUSED_VARIABLE = YES;
				IPHONEOS_DEPLOYMENT_TARGET = 5.1;
				OTHER_CFLAGS = "-DNS_BLOCK_ASSERTIONS=1";
				SDKROOT = iphoneos;
				VALIDATE_PRODUCT = YES;
			};
			name = Release;
		};
		86E5E64415B9A622001A7579 /* Debug */ = {
			isa = XCBuildConfiguration;
			buildSettings = {
				GCC_PRECOMPILE_PREFIX_HEADER = YES;
				GCC_PREFIX_HEADER = "MCPagerView/MCPagerView-Prefix.pch";
				INFOPLIST_FILE = "MCPagerView/MCPagerView-Info.plist";
				PRODUCT_NAME = "$(TARGET_NAME)";
				WRAPPER_EXTENSION = app;
			};
			name = Debug;
		};
		86E5E64515B9A622001A7579 /* Release */ = {
			isa = XCBuildConfiguration;
			buildSettings = {
				GCC_PRECOMPILE_PREFIX_HEADER = YES;
				GCC_PREFIX_HEADER = "MCPagerView/MCPagerView-Prefix.pch";
				INFOPLIST_FILE = "MCPagerView/MCPagerView-Info.plist";
				PRODUCT_NAME = "$(TARGET_NAME)";
				WRAPPER_EXTENSION = app;
			};
			name = Release;
		};
/* End XCBuildConfiguration section */

/* Begin XCConfigurationList section */
		86E5E61F15B9A621001A7579 /* Build configuration list for PBXProject "MCPagerView" */ = {
			isa = XCConfigurationList;
			buildConfigurations = (
				86E5E64115B9A622001A7579 /* Debug */,
				86E5E64215B9A622001A7579 /* Release */,
			);
			defaultConfigurationIsVisible = 0;
			defaultConfigurationName = Release;
		};
		86E5E64315B9A622001A7579 /* Build configuration list for PBXNativeTarget "MCPagerView" */ = {
			isa = XCConfigurationList;
			buildConfigurations = (
				86E5E64415B9A622001A7579 /* Debug */,
				86E5E64515B9A622001A7579 /* Release */,
			);
			defaultConfigurationIsVisible = 0;
			defaultConfigurationName = Release;
		};
/* End XCConfigurationList section */
	};
	rootObject = 86E5E61C15B9A621001A7579 /* Project object */;
}
